
Microsoft Visual Studio Solution File, Format Version 12.00
# Visual Studio Version 16
VisualStudioVersion = 16.0.29806.167
MinimumVisualStudioVersion = 10.0.40219.1
Project("{9A19103F-16F7-4668-BE54-9A1E7A4F7556}") = "Shapes", "Shapes.csproj", "{293DF723-1335-4145-BE90-D854EA8A986A}"
EndProject
Project("{9A19103F-16F7-4668-BE54-9A1E7A4F7556}") = "Cars", "..\Cars\Cars.csproj", "{27111A5A-389C-4316-9381-FEBE21D807CC}"
EndProject
Project("{9A19103F-16F7-4668-BE54-9A1E7A4F7556}") = "PersonInfo", "..\PersonInfo\PersonInfo.csproj", "{520E3B4C-2C79-46BA-A4A0-DFDD2E393829}"
EndProject
Project("{9A19103F-16F7-4668-BE54-9A1E7A4F7556}") = "Telephony", "..\Telephony\Telephony.csproj", "{C7B606F5-C120-49A0-9BD2-939179F24B65}"
EndProject
Project("{9A19103F-16F7-4668-BE54-9A1E7A4F7556}") = "MilitaryElite", "..\MilitaryElite\MilitaryElite.csproj", "{986DD5E8-634A-433E-A931-62CDA0CE5621}"
EndProject
Project("{9A19103F-16F7-4668-BE54-9A1E7A4F7556}") = "CollectionHierarchy", "..\CollectionHierarchy\CollectionHierarchy.csproj", "{53401FBE-EB62-4CC4-B9C7-4AC1FB7BC242}"
EndProject
Project("{FAE04EC0-301F-11D3-BF4B-00C04F79EFBC}") = "ExplicitInterfaces", "..\ExplicitInterfaces\ExplicitInterfaces.csproj", "{E18EAF0E-E467-4FF1-82E4-9CE5CCEAD985}"
EndProject
Global
	GlobalSection(SolutionConfigurationPlatforms) = preSolution
		Debug|Any CPU = Debug|Any CPU
		Release|Any CPU = Release|Any CPU
	EndGlobalSection
	GlobalSection(ProjectConfigurationPlatforms) = postSolution
		{293DF723-1335-4145-BE90-D854EA8A986A}.Debug|Any CPU.ActiveCfg = Debug|Any CPU
		{293DF723-1335-4145-BE90-D854EA8A986A}.Debug|Any CPU.Build.0 = Debug|Any CPU
		{293DF723-1335-4145-BE90-D854EA8A986A}.Release|Any CPU.ActiveCfg = Release|Any CPU
		{293DF723-1335-4145-BE90-D854EA8A986A}.Release|Any CPU.Build.0 = Release|Any CPU
		{27111A5A-389C-4316-9381-FEBE21D807CC}.Debug|Any CPU.ActiveCfg = Debug|Any CPU
		{27111A5A-389C-4316-9381-FEBE21D807CC}.Debug|Any CPU.Build.0 = Debug|Any CPU
		{27111A5A-389C-4316-9381-FEBE21D807CC}.Release|Any CPU.ActiveCfg = Release|Any CPU
		{27111A5A-389C-4316-9381-FEBE21D807CC}.Release|Any CPU.Build.0 = Release|Any CPU
		{520E3B4C-2C79-46BA-A4A0-DFDD2E393829}.Debug|Any CPU.ActiveCfg = Debug|Any CPU
		{520E3B4C-2C79-46BA-A4A0-DFDD2E393829}.Debug|Any CPU.Build.0 = Debug|Any CPU
		{520E3B4C-2C79-46BA-A4A0-DFDD2E393829}.Release|Any CPU.ActiveCfg = Release|Any CPU
		{520E3B4C-2C79-46BA-A4A0-DFDD2E393829}.Release|Any CPU.Build.0 = Release|Any CPU
		{C7B606F5-C120-49A0-9BD2-939179F24B65}.Debug|Any CPU.ActiveCfg = Debug|Any CPU
		{C7B606F5-C120-49A0-9BD2-939179F24B65}.Debug|Any CPU.Build.0 = Debug|Any CPU
		{C7B606F5-C120-49A0-9BD2-939179F24B65}.Release|Any CPU.ActiveCfg = Release|Any CPU
		{C7B606F5-C120-49A0-9BD2-939179F24B65}.Release|Any CPU.Build.0 = Release|Any CPU
		{986DD5E8-634A-433E-A931-62CDA0CE5621}.Debug|Any CPU.ActiveCfg = Debug|Any CPU
		{986DD5E8-634A-433E-A931-62CDA0CE5621}.Debug|Any CPU.Build.0 = Debug|Any CPU
		{986DD5E8-634A-433E-A931-62CDA0CE5621}.Release|Any CPU.ActiveCfg = Release|Any CPU
		{986DD5E8-634A-433E-A931-62CDA0CE5621}.Release|Any CPU.Build.0 = Release|Any CPU
		{53401FBE-EB62-4CC4-B9C7-4AC1FB7BC242}.Debug|Any CPU.ActiveCfg = Debug|Any CPU
		{53401FBE-EB62-4CC4-B9C7-4AC1FB7BC242}.Debug|Any CPU.Build.0 = Debug|Any CPU
		{53401FBE-EB62-4CC4-B9C7-4AC1FB7BC242}.Release|Any CPU.ActiveCfg = Release|Any CPU
		{53401FBE-EB62-4CC4-B9C7-4AC1FB7BC242}.Release|Any CPU.Build.0 = Release|Any CPU
		{E18EAF0E-E467-4FF1-82E4-9CE5CCEAD985}.Debug|Any CPU.ActiveCfg = Debug|Any CPU
		{E18EAF0E-E467-4FF1-82E4-9CE5CCEAD985}.Debug|Any CPU.Build.0 = Debug|Any CPU
		{E18EAF0E-E467-4FF1-82E4-9CE5CCEAD985}.Release|Any CPU.ActiveCfg = Release|Any CPU
		{E18EAF0E-E467-4FF1-82E4-9CE5CCEAD985}.Release|Any CPU.Build.0 = Release|Any CPU
	EndGlobalSection
	GlobalSection(SolutionProperties) = preSolution
		HideSolutionNode = FALSE
	EndGlobalSection
	GlobalSection(ExtensibilityGlobals) = postSolution
		SolutionGuid = {AD365766-4A04-4A14-A009-829908A9CDBF}
	EndGlobalSection
EndGlobal
