
Microsoft Visual Studio Solution File, Format Version 12.00
# Visual Studio Version 16
VisualStudioVersion = 16.0.30907.101
MinimumVisualStudioVersion = 10.0.40219.1
Project("{FAE04EC0-301F-11D3-BF4B-00C04F79EFBC}") = "BrickWork", "BrickWork.csproj", "{1FBD62D7-9A21-44EF-A6CC-F0E5FEFDE250}"
EndProject
Global
	GlobalSection(SolutionConfigurationPlatforms) = preSolution
		Debug|Any CPU = Debug|Any CPU
		Release|Any CPU = Release|Any CPU
	EndGlobalSection
	GlobalSection(ProjectConfigurationPlatforms) = postSolution
		{1FBD62D7-9A21-44EF-A6CC-F0E5FEFDE250}.Debug|Any CPU.ActiveCfg = Debug|Any CPU
		{1FBD62D7-9A21-44EF-A6CC-F0E5FEFDE250}.Debug|Any CPU.Build.0 = Debug|Any CPU
		{1FBD62D7-9A21-44EF-A6CC-F0E5FEFDE250}.Release|Any CPU.ActiveCfg = Release|Any CPU
		{1FBD62D7-9A21-44EF-A6CC-F0E5FEFDE250}.Release|Any CPU.Build.0 = Release|Any CPU
	EndGlobalSection
	GlobalSection(SolutionProperties) = preSolution
		HideSolutionNode = FALSE
	EndGlobalSection
	GlobalSection(ExtensibilityGlobals) = postSolution
		SolutionGuid = {C90CA8F8-E2A2-431A-8676-1F38917B4477}
	EndGlobalSection
EndGlobal
