
Microsoft Visual Studio Solution File, Format Version 12.00
# Visual Studio Version 16
VisualStudioVersion = 16.0.29806.167
MinimumVisualStudioVersion = 10.0.40219.1
Project("{9A19103F-16F7-4668-BE54-9A1E7A4F7556}") = "PersonsInfo", "PersonsInfo.csproj", "{FFB6A87F-5108-4163-BE4E-B88234794795}"
EndProject
Project("{FAE04EC0-301F-11D3-BF4B-00C04F79EFBC}") = "ClassBoxData", "..\ClassBoxData\ClassBoxData.csproj", "{36E8DFB6-CC26-4F2C-897A-B34729D475F8}"
EndProject
Project("{FAE04EC0-301F-11D3-BF4B-00C04F79EFBC}") = "ShoppingSpree", "..\ShoppingSpree\ShoppingSpree.csproj", "{39F4FFFB-0A85-4F09-8EB8-011A38E52045}"
EndProject
Project("{FAE04EC0-301F-11D3-BF4B-00C04F79EFBC}") = "PizzaCalories", "..\PizzaCalories\PizzaCalories.csproj", "{2B530670-F68D-49F2-A958-AC687AF1C841}"
EndProject
Global
	GlobalSection(SolutionConfigurationPlatforms) = preSolution
		Debug|Any CPU = Debug|Any CPU
		Release|Any CPU = Release|Any CPU
	EndGlobalSection
	GlobalSection(ProjectConfigurationPlatforms) = postSolution
		{FFB6A87F-5108-4163-BE4E-B88234794795}.Debug|Any CPU.ActiveCfg = Debug|Any CPU
		{FFB6A87F-5108-4163-BE4E-B88234794795}.Debug|Any CPU.Build.0 = Debug|Any CPU
		{FFB6A87F-5108-4163-BE4E-B88234794795}.Release|Any CPU.ActiveCfg = Release|Any CPU
		{FFB6A87F-5108-4163-BE4E-B88234794795}.Release|Any CPU.Build.0 = Release|Any CPU
		{36E8DFB6-CC26-4F2C-897A-B34729D475F8}.Debug|Any CPU.ActiveCfg = Debug|Any CPU
		{36E8DFB6-CC26-4F2C-897A-B34729D475F8}.Debug|Any CPU.Build.0 = Debug|Any CPU
		{36E8DFB6-CC26-4F2C-897A-B34729D475F8}.Release|Any CPU.ActiveCfg = Release|Any CPU
		{36E8DFB6-CC26-4F2C-897A-B34729D475F8}.Release|Any CPU.Build.0 = Release|Any CPU
		{39F4FFFB-0A85-4F09-8EB8-011A38E52045}.Debug|Any CPU.ActiveCfg = Debug|Any CPU
		{39F4FFFB-0A85-4F09-8EB8-011A38E52045}.Debug|Any CPU.Build.0 = Debug|Any CPU
		{39F4FFFB-0A85-4F09-8EB8-011A38E52045}.Release|Any CPU.ActiveCfg = Release|Any CPU
		{39F4FFFB-0A85-4F09-8EB8-011A38E52045}.Release|Any CPU.Build.0 = Release|Any CPU
		{2B530670-F68D-49F2-A958-AC687AF1C841}.Debug|Any CPU.ActiveCfg = Debug|Any CPU
		{2B530670-F68D-49F2-A958-AC687AF1C841}.Debug|Any CPU.Build.0 = Debug|Any CPU
		{2B530670-F68D-49F2-A958-AC687AF1C841}.Release|Any CPU.ActiveCfg = Release|Any CPU
		{2B530670-F68D-49F2-A958-AC687AF1C841}.Release|Any CPU.Build.0 = Release|Any CPU
	EndGlobalSection
	GlobalSection(SolutionProperties) = preSolution
		HideSolutionNode = FALSE
	EndGlobalSection
	GlobalSection(ExtensibilityGlobals) = postSolution
		SolutionGuid = {EA9A733E-49CF-41A2-BCA3-82E02D63A4D2}
	EndGlobalSection
EndGlobal
